
Microsoft Visual Studio Solution File, Format Version 12.00
# Visual Studio Version 17
VisualStudioVersion = 17.7.34024.191
MinimumVisualStudioVersion = 10.0.40219.1
Project("{FAE04EC0-301F-11D3-BF4B-00C04F79EFBC}") = "MyFirstWindowsFormsApp", "MyFirstWindowsFormsApp\MyFirstWindowsFormsApp.csproj", "{907A97D1-2661-4C23-98FE-4A1B6B3C08D1}"
EndProject
Global
	GlobalSection(SolutionConfigurationPlatforms) = preSolution
		Debug|Any CPU = Debug|Any CPU
		Release|Any CPU = Release|Any CPU
	EndGlobalSection
	GlobalSection(ProjectConfigurationPlatforms) = postSolution
		{907A97D1-2661-4C23-98FE-4A1B6B3C08D1}.Debug|Any CPU.ActiveCfg = Debug|Any CPU
		{907A97D1-2661-4C23-98FE-4A1B6B3C08D1}.Debug|Any CPU.Build.0 = Debug|Any CPU
		{907A97D1-2661-4C23-98FE-4A1B6B3C08D1}.Release|Any CPU.ActiveCfg = Release|Any CPU
		{907A97D1-2661-4C23-98FE-4A1B6B3C08D1}.Release|Any CPU.Build.0 = Release|Any CPU
	EndGlobalSection
	GlobalSection(SolutionProperties) = preSolution
		HideSolutionNode = FALSE
	EndGlobalSection
	GlobalSection(ExtensibilityGlobals) = postSolution
		SolutionGuid = {0ADB2CBA-3080-427F-AC9C-D8246039C4C9}
	EndGlobalSection
EndGlobal
